Microsoft Visual Studio Solution File, Format Version 12.00
# Visual Studio Version 17
VisualStudioVersion = 17.5.2.0
MinimumVisualStudioVersion = 10.0.40219.1
Project("{FAE04EC0-301F-11D3-BF4B-00C04F79EFBC}") = "SihyuPOSPayroll", "SihyuPOSPayroll.csproj", "{3F9EF07A-5187-6EB9-2E6E-5B75C22F6341}"
EndProject
Global
	GlobalSection(SolutionConfigurationPlatforms) = preSolution
		Debug|Any CPU = Debug|Any CPU
		Release|Any CPU = Release|Any CPU
	EndGlobalSection
	GlobalSection(ProjectConfigurationPlatforms) = postSolution
		{3F9EF07A-5187-6EB9-2E6E-5B75C22F6341}.Debug|Any CPU.ActiveCfg = Debug|Any CPU
		{3F9EF07A-5187-6EB9-2E6E-5B75C22F6341}.Debug|Any CPU.Build.0 = Debug|Any CPU
		{3F9EF07A-5187-6EB9-2E6E-5B75C22F6341}.Release|Any CPU.ActiveCfg = Release|Any CPU
		{3F9EF07A-5187-6EB9-2E6E-5B75C22F6341}.Release|Any CPU.Build.0 = Release|Any CPU
	EndGlobalSection
	GlobalSection(SolutionProperties) = preSolution
		HideSolutionNode = FALSE
	EndGlobalSection
	GlobalSection(ExtensibilityGlobals) = postSolution
		SolutionGuid = {560E0083-2BE3-4480-831E-3A0372612A6B}
	EndGlobalSection
EndGlobal
